{
  "originHash" : "9c510a5a1257a9d50c41e38a4dbdf85012a10270159d94a135116ec0908a0249",
  "pins" : [
    {
      "identity" : "ffmpegbuild",
      "kind" : "remoteSourceControl",
      "location" : "https://github.com/IPTVX/FFmpegBuild",
      "state" : {
        "revision" : "cf991e0d2a2e8b6d5689e5967a9afa10af9e54b7",
        "version" : "2.5.0-iptvx"
      }
    },
    {
      "identity" : "libdovi",
      "kind" : "remoteSourceControl",
      "location" : "https://github.com/IPTVX/LibDovi",
      "state" : {
        "revision" : "631c9d2c112dfcdd962a0c2909b6f0aa8a01cdd1",
        "version" : "2.1.0-iptvx"
      }
    },
    {
      "identity" : "smbclient",
      "kind" : "remoteSourceControl",
      "location" : "https://github.com/kishikawakatsumi/SMBClient",
      "state" : {
        "revision" : "e636c2b2458930770932a36d311ec9d478575b90",
        "version" : "0.3.1"
      }
    }
  ],
  "version" : 3
}
