{
  "originHash" : "2f29c499a5e0c063c3a8db4a61a3d269b4b4e7941b004db4b541e0841850ee07",
  "pins" : [
    {
      "identity" : "ffmpegbuild",
      "kind" : "remoteSourceControl",
      "location" : "https://github.com/IPTVX/FFmpegBuild",
      "state" : {
        "revision" : "00b1a83c39f18dd7ce81a85a363ae97b6630a327",
        "version" : "2.4.3-iptvx"
      }
    },
    {
      "identity" : "libdovi",
      "kind" : "remoteSourceControl",
      "location" : "https://github.com/IPTVX/LibDovi",
      "state" : {
        "revision" : "17fff02b1aecb86e1eb13b3ec788268765fbd33a",
        "version" : "2.0.0-iptvx"
      }
    },
    {
      "identity" : "smbclient",
      "kind" : "remoteSourceControl",
      "location" : "https://github.com/kishikawakatsumi/SMBClient",
      "state" : {
        "revision" : "e636c2b2458930770932a36d311ec9d478575b90",
        "version" : "0.3.1"
      }
    }
  ],
  "version" : 3
}
