{
  "originHash" : "897b192bbf3d666208257096a888cb373809d2a25634965d32976d2079632052",
  "pins" : [
    {
      "identity" : "ffmpegbuild",
      "kind" : "remoteSourceControl",
      "location" : "https://github.com/IPTVX/FFmpegBuild",
      "state" : {
        "revision" : "00b1a83c39f18dd7ce81a85a363ae97b6630a327",
        "version" : "2.4.3-iptvx"
      }
    },
    {
      "identity" : "libdovi",
      "kind" : "remoteSourceControl",
      "location" : "https://github.com/IPTVX/LibDovi",
      "state" : {
        "revision" : "4e3dda3d7f9b8b4ea79bb662ec7aab66794b6762",
        "version" : "2.0.0-iptvx"
      }
    },
    {
      "identity" : "smbclient",
      "kind" : "remoteSourceControl",
      "location" : "https://github.com/kishikawakatsumi/SMBClient",
      "state" : {
        "revision" : "e636c2b2458930770932a36d311ec9d478575b90",
        "version" : "0.3.1"
      }
    }
  ],
  "version" : 3
}
